
Microsoft Visual Studio Solution File, Format Version 12.00
# Visual Studio Version 16
VisualStudioVersion = 16.0.30523.141
MinimumVisualStudioVersion = 10.0.40219.1
Project("{FAE04EC0-301F-11D3-BF4B-00C04F79EFBC}") = "MnbFilterProject", "MnbFilterProject\MnbFilterProject.csproj", "{5AA3F20D-E8A3-4B8C-8FA0-A560255B0778}"
EndProject
Global
	GlobalSection(SolutionConfigurationPlatforms) = preSolution
		Debug|Any CPU = Debug|Any CPU
		Release|Any CPU = Release|Any CPU
	EndGlobalSection
	GlobalSection(ProjectConfigurationPlatforms) = postSolution
		{5AA3F20D-E8A3-4B8C-8FA0-A560255B0778}.Debug|Any CPU.ActiveCfg = Debug|Any CPU
		{5AA3F20D-E8A3-4B8C-8FA0-A560255B0778}.Debug|Any CPU.Build.0 = Debug|Any CPU
		{5AA3F20D-E8A3-4B8C-8FA0-A560255B0778}.Release|Any CPU.ActiveCfg = Release|Any CPU
		{5AA3F20D-E8A3-4B8C-8FA0-A560255B0778}.Release|Any CPU.Build.0 = Release|Any CPU
	EndGlobalSection
	GlobalSection(SolutionProperties) = preSolution
		HideSolutionNode = FALSE
	EndGlobalSection
	GlobalSection(ExtensibilityGlobals) = postSolution
		SolutionGuid = {4164DA63-F84D-45AB-9108-D7F574D474C0}
	EndGlobalSection
EndGlobal
